Microsoft Visual Studio Solution File, Format Version 12.00
# Visual Studio Version 17
VisualStudioVersion = 17.5.2.0
MinimumVisualStudioVersion = 10.0.40219.1
Project("{FAE04EC0-301F-11D3-BF4B-00C04F79EFBC}") = "MercuryConverter", "MercuryConverter.csproj", "{8D7AB684-46C8-6289-FBE5-52DC512A35BE}"
EndProject
Global
	GlobalSection(SolutionConfigurationPlatforms) = preSolution
		Debug|Any CPU = Debug|Any CPU
		Release|Any CPU = Release|Any CPU
	EndGlobalSection
	GlobalSection(ProjectConfigurationPlatforms) = postSolution
		{8D7AB684-46C8-6289-FBE5-52DC512A35BE}.Debug|Any CPU.ActiveCfg = Debug|Any CPU
		{8D7AB684-46C8-6289-FBE5-52DC512A35BE}.Debug|Any CPU.Build.0 = Debug|Any CPU
		{8D7AB684-46C8-6289-FBE5-52DC512A35BE}.Release|Any CPU.ActiveCfg = Release|Any CPU
		{8D7AB684-46C8-6289-FBE5-52DC512A35BE}.Release|Any CPU.Build.0 = Release|Any CPU
	EndGlobalSection
	GlobalSection(SolutionProperties) = preSolution
		HideSolutionNode = FALSE
	EndGlobalSection
	GlobalSection(ExtensibilityGlobals) = postSolution
		SolutionGuid = {8A55B6C1-9740-4A8D-859C-4CC399386136}
	EndGlobalSection
EndGlobal
